
Microsoft Visual Studio Solution File, Format Version 12.00
# Visual Studio Version 16
VisualStudioVersion = 16.0.31424.327
MinimumVisualStudioVersion = 10.0.40219.1
Project("{FAE04EC0-301F-11D3-BF4B-00C04F79EFBC}") = "BookStoreBE.Domain", "BookStoreBE.Domain\BookStoreBE.Domain.csproj", "{519679B6-C664-46B4-919C-91EEACD4B9F1}"
EndProject
Project("{FAE04EC0-301F-11D3-BF4B-00C04F79EFBC}") = "BookStoreBE.Infrastructure", "BookStoreBE.Infrastructure\BookStoreBE.Infrastructure.csproj", "{4767E6DD-ED84-4F9E-A281-CC5CB5FFCA43}"
EndProject
Project("{FAE04EC0-301F-11D3-BF4B-00C04F79EFBC}") = "BookStoreBE.Persistence", "BookStoreBE.Persistence\BookStoreBE.Persistence.csproj", "{981502EC-DEAD-41BB-877A-E9B0B02CE8A4}"
EndProject
Project("{FAE04EC0-301F-11D3-BF4B-00C04F79EFBC}") = "BookStoreBE.Service", "BookStoreBE.Service\BookStoreBE.Service.csproj", "{9515FB00-44A3-4D6F-A719-BF5CEFE4E8E4}"
EndProject
Project("{FAE04EC0-301F-11D3-BF4B-00C04F79EFBC}") = "BookStoreBE.WebAPI", "BookStoreBE.WebAPI!\BookStoreBE.WebAPI.csproj", "{3CB241B1-5C67-4058-9C65-CC43B224E5FF}"
EndProject
Global
	GlobalSection(SolutionConfigurationPlatforms) = preSolution
		Debug|Any CPU = Debug|Any CPU
		Release|Any CPU = Release|Any CPU
	EndGlobalSection
	GlobalSection(ProjectConfigurationPlatforms) = postSolution
		{519679B6-C664-46B4-919C-91EEACD4B9F1}.Debug|Any CPU.ActiveCfg = Debug|Any CPU
		{519679B6-C664-46B4-919C-91EEACD4B9F1}.Debug|Any CPU.Build.0 = Debug|Any CPU
		{519679B6-C664-46B4-919C-91EEACD4B9F1}.Release|Any CPU.ActiveCfg = Release|Any CPU
		{519679B6-C664-46B4-919C-91EEACD4B9F1}.Release|Any CPU.Build.0 = Release|Any CPU
		{4767E6DD-ED84-4F9E-A281-CC5CB5FFCA43}.Debug|Any CPU.ActiveCfg = Debug|Any CPU
		{4767E6DD-ED84-4F9E-A281-CC5CB5FFCA43}.Debug|Any CPU.Build.0 = Debug|Any CPU
		{4767E6DD-ED84-4F9E-A281-CC5CB5FFCA43}.Release|Any CPU.ActiveCfg = Release|Any CPU
		{4767E6DD-ED84-4F9E-A281-CC5CB5FFCA43}.Release|Any CPU.Build.0 = Release|Any CPU
		{981502EC-DEAD-41BB-877A-E9B0B02CE8A4}.Debug|Any CPU.ActiveCfg = Debug|Any CPU
		{981502EC-DEAD-41BB-877A-E9B0B02CE8A4}.Debug|Any CPU.Build.0 = Debug|Any CPU
		{981502EC-DEAD-41BB-877A-E9B0B02CE8A4}.Release|Any CPU.ActiveCfg = Release|Any CPU
		{981502EC-DEAD-41BB-877A-E9B0B02CE8A4}.Release|Any CPU.Build.0 = Release|Any CPU
		{9515FB00-44A3-4D6F-A719-BF5CEFE4E8E4}.Debug|Any CPU.ActiveCfg = Debug|Any CPU
		{9515FB00-44A3-4D6F-A719-BF5CEFE4E8E4}.Debug|Any CPU.Build.0 = Debug|Any CPU
		{9515FB00-44A3-4D6F-A719-BF5CEFE4E8E4}.Release|Any CPU.ActiveCfg = Release|Any CPU
		{9515FB00-44A3-4D6F-A719-BF5CEFE4E8E4}.Release|Any CPU.Build.0 = Release|Any CPU
		{3CB241B1-5C67-4058-9C65-CC43B224E5FF}.Debug|Any CPU.ActiveCfg = Debug|Any CPU
		{3CB241B1-5C67-4058-9C65-CC43B224E5FF}.Debug|Any CPU.Build.0 = Debug|Any CPU
		{3CB241B1-5C67-4058-9C65-CC43B224E5FF}.Release|Any CPU.ActiveCfg = Release|Any CPU
		{3CB241B1-5C67-4058-9C65-CC43B224E5FF}.Release|Any CPU.Build.0 = Release|Any CPU
	EndGlobalSection
	GlobalSection(SolutionProperties) = preSolution
		HideSolutionNode = FALSE
	EndGlobalSection
	GlobalSection(ExtensibilityGlobals) = postSolution
		SolutionGuid = {EB143894-B0B7-4F83-B936-21CD6A06C756}
	EndGlobalSection
EndGlobal
